# This file is automatically @generated by Poetry 2.1.2 and should not be changed by hand.

[[package]]
name = "robotframework"
version = "7.2.2"
description = "Generic automation framework for acceptance testing and robotic process automation (RPA)"
optional = false
python-versions = ">=3.8"
groups = ["main"]
files = [
    {file = "robotframework-7.2.2-py3-none-any.whl", hash = "sha256:1cb4ec69d52aae515bf6037cee66a2a2d8dc3256368081c0f4b3d4578d40904e"},
    {file = "robotframework-7.2.2.tar.gz", hash = "sha256:9c420f6d35e9c8cd4b75b77cc78e36407604534ec4ab0cbddf699d7c0b2fc435"},
]

[metadata]
lock-version = "2.1"
python-versions = ">=3.13"
content-hash = "93ea1e275b1efaefaa7167ce051c6c6c3e5ac5ef5271ded1091aa65385880043"
